{
    "_readme": [
        "This file locks the dependencies of your project to a known state",
        "Read more about it at https://getcomposer.org/doc/01-basic-usage.md#installing-dependencies",
        "This file is @generated automatically"
    ],
    "content-hash": "379be951bf1810ce0c807c93fd6b58b8",
    "packages": [
        {
            "name": "johnbillion/args",
            "version": "2.2.1",
            "source": {
                "type": "git",
                "url": "https://github.com/johnbillion/args.git",
                "reference": "ef9b110c4379ded08300c5484e4fa67455697c5b"
            },
            "dist": {
                "type": "zip",
                "url": "https://api.github.com/repos/johnbillion/args/zipball/ef9b110c4379ded08300c5484e4fa67455697c5b",
                "reference": "ef9b110c4379ded08300c5484e4fa67455697c5b",
                "shasum": ""
            },
            "require": {
                "php": ">=8.0"
            },
            "require-dev": {
                "ergebnis/json-printer": "3.7.0",
                "ergebnis/phpstan-rules": "1.0.0",
                "humanmade/coding-standards": "1.2.1",
                "johnbillion/falsey-assertequals-detector": "^3",
                "phpdocumentor/reflection": "~4.0 || ~5.0",
                "phpstan/phpstan": "1.12.12",
                "phpstan/phpstan-phpunit": "1.4.1",
                "phpstan/phpstan-strict-rules": "1.6.1",
                "phpunit/phpunit": "^9.0",
                "roots/wordpress-core-installer": "1.100.0",
                "roots/wordpress-full": "6.7",
                "szepeviktor/phpstan-wordpress": "1.3.5"
            },
            "type": "library",
            "extra": {
                "args-shapes": [
                    {
                        "file": "vendor/wordpress/wordpress/wp-includes/category.php",
                        "param": "args",
                        "function": "\\get_categories()"
                    },
                    {
                        "file": "vendor/wordpress/wordpress/wp-includes/comment.php",
                        "param": "args",
                        "function": "\\get_comments()"
                    },
                    {
                        "file": "vendor/wordpress/wordpress/wp-includes/post.php",
                        "param": "args",
                        "function": "\\get_posts()"
                    },
                    {
                        "file": "vendor/wordpress/wordpress/wp-includes/category.php",
                        "param": "args",
                        "function": "\\get_tags()"
                    },
                    {
                        "file": "vendor/wordpress/wordpress/wp-includes/taxonomy.php",
                        "param": "args",
                        "function": "\\get_terms()"
                    },
                    {
                        "file": "vendor/wordpress/wordpress/wp-includes/user.php",
                        "param": "args",
                        "function": "\\get_users()"
                    },
                    {
                        "file": "vendor/wordpress/wordpress/wp-includes/general-template.php",
                        "param": "args",
                        "function": "\\paginate_links()"
                    },
                    {
                        "file": "vendor/wordpress/wordpress/wp-includes/blocks.php",
                        "param": "args",
                        "function": "\\register_block_type()"
                    },
                    {
                        "file": "vendor/wordpress/wordpress/wp-includes/meta.php",
                        "param": "args",
                        "function": "\\register_meta()"
                    },
                    {
                        "file": "vendor/wordpress/wordpress/wp-includes/post.php",
                        "param": "args",
                        "function": "\\register_post_meta()"
                    },
                    {
                        "file": "vendor/wordpress/wordpress/wp-includes/post.php",
                        "param": "args",
                        "function": "\\register_post_status()"
                    },
                    {
                        "file": "vendor/wordpress/wordpress/wp-includes/post.php",
                        "param": "args",
                        "function": "\\register_post_type()"
                    },
                    {
                        "file": "vendor/wordpress/wordpress/wp-includes/rest-api.php",
                        "param": "args",
                        "function": "\\register_rest_field()"
                    },
                    {
                        "file": "vendor/wordpress/wordpress/wp-includes/option.php",
                        "param": "args",
                        "function": "\\register_setting()"
                    },
                    {
                        "file": "vendor/wordpress/wordpress/wp-includes/taxonomy.php",
                        "param": "args",
                        "function": "\\register_taxonomy()"
                    },
                    {
                        "file": "vendor/wordpress/wordpress/wp-includes/taxonomy.php",
                        "param": "args",
                        "function": "\\register_term_meta()"
                    },
                    {
                        "file": "vendor/wordpress/wordpress/wp-includes/taxonomy.php",
                        "param": "args",
                        "function": "\\wp_count_terms()"
                    },
                    {
                        "file": "vendor/wordpress/wordpress/wp-includes/functions.php",
                        "param": "args",
                        "function": "\\wp_die()"
                    },
                    {
                        "file": "vendor/wordpress/wordpress/wp-includes/category-template.php",
                        "param": "args",
                        "function": "\\wp_dropdown_categories()"
                    },
                    {
                        "file": "vendor/wordpress/wordpress/wp-includes/l10n.php",
                        "param": "args",
                        "function": "\\wp_dropdown_languages()"
                    },
                    {
                        "file": "vendor/wordpress/wordpress/wp-includes/category-template.php",
                        "param": "args",
                        "function": "\\wp_generate_tag_cloud()"
                    },
                    {
                        "file": "vendor/wordpress/wordpress/wp-includes/nav-menu.php",
                        "param": "args",
                        "function": "\\wp_get_nav_menus()"
                    },
                    {
                        "file": "vendor/wordpress/wordpress/wp-includes/taxonomy.php",
                        "param": "args",
                        "function": "\\wp_get_object_terms()"
                    },
                    {
                        "file": "vendor/wordpress/wordpress/wp-includes/post.php",
                        "param": "postarr",
                        "function": "\\wp_insert_post()"
                    },
                    {
                        "file": "vendor/wordpress/wordpress/wp-includes/taxonomy.php",
                        "param": "args",
                        "function": "\\wp_insert_term()"
                    },
                    {
                        "file": "vendor/wordpress/wordpress/wp-includes/user.php",
                        "param": "userdata",
                        "function": "\\wp_insert_user()"
                    },
                    {
                        "file": "vendor/wordpress/wordpress/wp-includes/nav-menu-template.php",
                        "param": "args",
                        "function": "\\wp_nav_menu()"
                    },
                    {
                        "file": "vendor/wordpress/wordpress/wp-includes/http.php",
                        "param": "args",
                        "function": "\\wp_remote_get()"
                    },
                    {
                        "file": "vendor/wordpress/wordpress/wp-includes/http.php",
                        "param": "args",
                        "function": "\\wp_remote_head()"
                    },
                    {
                        "file": "vendor/wordpress/wordpress/wp-includes/http.php",
                        "param": "args",
                        "function": "\\wp_remote_post()"
                    },
                    {
                        "file": "vendor/wordpress/wordpress/wp-includes/http.php",
                        "param": "args",
                        "function": "\\wp_remote_request()"
                    },
                    {
                        "file": "vendor/wordpress/wordpress/wp-includes/http.php",
                        "param": "args",
                        "function": "\\wp_safe_remote_get()"
                    },
                    {
                        "file": "vendor/wordpress/wordpress/wp-includes/http.php",
                        "param": "args",
                        "function": "\\wp_safe_remote_head()"
                    },
                    {
                        "file": "vendor/wordpress/wordpress/wp-includes/http.php",
                        "param": "args",
                        "function": "\\wp_safe_remote_post()"
                    },
                    {
                        "file": "vendor/wordpress/wordpress/wp-includes/http.php",
                        "param": "args",
                        "function": "\\wp_safe_remote_request()"
                    },
                    {
                        "file": "vendor/wordpress/wordpress/wp-includes/post.php",
                        "param": "postarr",
                        "function": "\\wp_update_post()"
                    },
                    {
                        "file": "vendor/wordpress/wordpress/wp-includes/taxonomy.php",
                        "param": "args",
                        "function": "\\wp_update_term()"
                    },
                    {
                        "file": "vendor/wordpress/wordpress/wp-includes/user.php",
                        "param": "userdata",
                        "function": "\\wp_update_user()"
                    },
                    {
                        "file": "vendor/wordpress/wordpress/wp-includes/class-wp-block-type.php",
                        "param": "args",
                        "method": "\\WP_Block_Type::__construct()"
                    },
                    {
                        "file": "vendor/wordpress/wordpress/wp-includes/class-wp-comment-query.php",
                        "param": "query",
                        "method": "\\WP_Comment_Query::__construct()"
                    },
                    {
                        "file": "vendor/wordpress/wordpress/wp-includes/class-wp-customize-control.php",
                        "param": "args",
                        "method": "\\WP_Customize_Control::__construct()"
                    },
                    {
                        "file": "vendor/wordpress/wordpress/wp-includes/class-wp-customize-manager.php",
                        "param": "args",
                        "method": "\\WP_Customize_Manager::__construct()"
                    },
                    {
                        "file": "vendor/wordpress/wordpress/wp-includes/class-wp-customize-panel.php",
                        "param": "args",
                        "method": "\\WP_Customize_Panel::__construct()"
                    },
                    {
                        "file": "vendor/wordpress/wordpress/wp-includes/class-wp-customize-section.php",
                        "param": "args",
                        "method": "\\WP_Customize_Section::__construct()"
                    },
                    {
                        "file": "vendor/wordpress/wordpress/wp-includes/class-wp-customize-setting.php",
                        "param": "args",
                        "method": "\\WP_Customize_Setting::__construct()"
                    },
                    {
                        "file": "vendor/wordpress/wordpress/wp-includes/class-wp-http.php",
                        "param": "args",
                        "method": "\\WP_Http::request()"
                    },
                    {
                        "file": "vendor/wordpress/wordpress/wp-includes/class-wp-query.php",
                        "param": "query",
                        "method": "\\WP_Query::parse_query()"
                    },
                    {
                        "file": "vendor/wordpress/wordpress/wp-includes/class-wp-term-query.php",
                        "param": "query",
                        "method": "\\WP_Term_Query::__construct()"
                    },
                    {
                        "file": "vendor/wordpress/wordpress/wp-includes/class-wp-user-query.php",
                        "param": "query",
                        "method": "\\WP_User_Query::prepare_query()"
                    }
                ],
                "wordpress-install-dir": "vendor/wordpress/wordpress"
            },
            "autoload": {
                "psr-4": {
                    "Args\\": "src/"
                }
            },
            "notification-url": "https://packagist.org/downloads/",
            "license": [
                "GPL-2.0-or-later"
            ],
            "authors": [
                {
                    "name": "John Blackbourn",
                    "homepage": "https://johnblackbourn.com/"
                }
            ],
            "description": "I don't want to get into an argument about this.",
            "support": {
                "issues": "https://github.com/johnbillion/args/issues",
                "source": "https://github.com/johnbillion/args/tree/2.2.1"
            },
            "funding": [
                {
                    "url": "https://github.com/sponsors/johnbillion",
                    "type": "github"
                }
            ],
            "time": "2024-11-30T23:22:24+00:00"
        },
        {
            "name": "johnbillion/extended-cpts",
            "version": "5.0.11",
            "source": {
                "type": "git",
                "url": "https://github.com/johnbillion/extended-cpts.git",
                "reference": "57f2e74155a12e7a37d07250e6739dbab5a732b3"
            },
            "dist": {
                "type": "zip",
                "url": "https://api.github.com/repos/johnbillion/extended-cpts/zipball/57f2e74155a12e7a37d07250e6739dbab5a732b3",
                "reference": "57f2e74155a12e7a37d07250e6739dbab5a732b3",
                "shasum": ""
            },
            "require": {
                "johnbillion/args": "^1.4.1 || ^2.0",
                "php": ">= 7.4.0"
            },
            "require-dev": {
                "automattic/phpcs-neutron-standard": "1.7.0",
                "dealerdirect/phpcodesniffer-composer-installer": "^0.7",
                "johnbillion/falsey-assertequals-detector": "*",
                "johnbillion/plugin-infrastructure": "dev-trunk",
                "johnbillion/wp-compat": "0.3.1",
                "lucatume/wp-browser": "3.2.3",
                "phpcompatibility/phpcompatibility-wp": "2.1.5",
                "phpstan/phpstan": "1.12.12",
                "phpstan/phpstan-phpunit": "1.4.1",
                "roots/wordpress-core-installer": "1.100.0",
                "roots/wordpress-full": "*",
                "szepeviktor/phpstan-wordpress": "1.3.5",
                "wp-coding-standards/wpcs": "2.3.0"
            },
            "type": "library",
            "extra": {
                "wordpress-install-dir": "vendor/wordpress/wordpress"
            },
            "autoload": {
                "files": [
                    "functions.php"
                ],
                "psr-4": {
                    "ExtCPTs\\": "src",
                    "ExtCPTs\\Tests\\": "tests/integration"
                }
            },
            "notification-url": "https://packagist.org/downloads/",
            "license": [
                "GPL-2.0-or-later"
            ],
            "authors": [
                {
                    "name": "John Blackbourn",
                    "homepage": "https://johnblackbourn.com/"
                }
            ],
            "description": "A library which provides extended functionality to WordPress custom post types and taxonomies.",
            "homepage": "https://github.com/johnbillion/extended-cpts/",
            "support": {
                "issues": "https://github.com/johnbillion/extended-cpts/issues",
                "source": "https://github.com/johnbillion/extended-cpts/tree/5.0.11"
            },
            "time": "2024-11-30T23:16:17+00:00"
        },
        {
            "name": "log1x/navi",
            "version": "v3.1.1",
            "source": {
                "type": "git",
                "url": "https://github.com/Log1x/navi.git",
                "reference": "97fa923a1eb1aa92d17984117b8e0f56a0a818ab"
            },
            "dist": {
                "type": "zip",
                "url": "https://api.github.com/repos/Log1x/navi/zipball/97fa923a1eb1aa92d17984117b8e0f56a0a818ab",
                "reference": "97fa923a1eb1aa92d17984117b8e0f56a0a818ab",
                "shasum": ""
            },
            "require": {
                "php": "^8.0"
            },
            "require-dev": {
                "laravel/pint": "^1.14",
                "roots/acorn": "^4.3"
            },
            "type": "package",
            "extra": {
                "acorn": {
                    "aliases": {
                        "Navi": "Log1x\\Navi\\Facades\\Navi"
                    },
                    "providers": [
                        "Log1x\\Navi\\Providers\\NaviServiceProvider"
                    ]
                }
            },
            "autoload": {
                "psr-4": {
                    "Log1x\\Navi\\": "src/"
                }
            },
            "notification-url": "https://packagist.org/downloads/",
            "license": [
                "MIT"
            ],
            "authors": [
                {
                    "name": "Brandon Nifong",
                    "email": "brandon@tendency.me"
                }
            ],
            "description": "A developer-friendly alternative to the WordPress NavWalker.",
            "keywords": [
                "navwalker",
                "wordpress",
                "wordpress-plugin"
            ],
            "support": {
                "issues": "https://github.com/log1x/navi/issues",
                "source": "https://github.com/Log1x/navi/tree/v3.1.1"
            },
            "funding": [
                {
                    "url": "https://github.com/Log1x",
                    "type": "github"
                }
            ],
            "time": "2024-10-21T23:10:14+00:00"
        },
        {
            "name": "log1x/poet",
            "version": "v2.1.0",
            "source": {
                "type": "git",
                "url": "https://github.com/Log1x/poet.git",
                "reference": "537649337e6a628991cf10effde1d9e34fbe3a27"
            },
            "dist": {
                "type": "zip",
                "url": "https://api.github.com/repos/Log1x/poet/zipball/537649337e6a628991cf10effde1d9e34fbe3a27",
                "reference": "537649337e6a628991cf10effde1d9e34fbe3a27",
                "shasum": ""
            },
            "require": {
                "johnbillion/extended-cpts": "^5.0",
                "php": "^7.4|^8.0"
            },
            "require-dev": {
                "squizlabs/php_codesniffer": "^3.5"
            },
            "type": "package",
            "extra": {
                "acorn": {
                    "providers": [
                        "Log1x\\Poet\\PoetServiceProvider"
                    ]
                }
            },
            "autoload": {
                "psr-4": {
                    "Log1x\\Poet\\": "src/"
                }
            },
            "notification-url": "https://packagist.org/downloads/",
            "license": [
                "MIT"
            ],
            "authors": [
                {
                    "name": "Brandon Nifong",
                    "email": "brandon@tendency.me"
                }
            ],
            "description": "Configuration-based post type, taxonomy, editor color palette, block category, and block registration for Sage 10.",
            "keywords": [
                "cpt",
                "gutenberg",
                "wordpress"
            ],
            "support": {
                "issues": "https://github.com/log1x/poet/issues",
                "source": "https://github.com/Log1x/poet/tree/v2.1.0"
            },
            "funding": [
                {
                    "url": "https://github.com/Log1x",
                    "type": "github"
                }
            ],
            "time": "2024-06-05T23:34:45+00:00"
        }
    ],
    "packages-dev": [
        {
            "name": "laravel/pint",
            "version": "v1.20.0",
            "source": {
                "type": "git",
                "url": "https://github.com/laravel/pint.git",
                "reference": "53072e8ea22213a7ed168a8a15b96fbb8b82d44b"
            },
            "dist": {
                "type": "zip",
                "url": "https://api.github.com/repos/laravel/pint/zipball/53072e8ea22213a7ed168a8a15b96fbb8b82d44b",
                "reference": "53072e8ea22213a7ed168a8a15b96fbb8b82d44b",
                "shasum": ""
            },
            "require": {
                "ext-json": "*",
                "ext-mbstring": "*",
                "ext-tokenizer": "*",
                "ext-xml": "*",
                "php": "^8.1.0"
            },
            "require-dev": {
                "friendsofphp/php-cs-fixer": "^3.66.0",
                "illuminate/view": "^10.48.25",
                "larastan/larastan": "^2.9.12",
                "laravel-zero/framework": "^10.48.25",
                "mockery/mockery": "^1.6.12",
                "nunomaduro/termwind": "^1.17.0",
                "pestphp/pest": "^2.36.0"
            },
            "bin": [
                "builds/pint"
            ],
            "type": "project",
            "autoload": {
                "psr-4": {
                    "App\\": "app/",
                    "Database\\Seeders\\": "database/seeders/",
                    "Database\\Factories\\": "database/factories/"
                }
            },
            "notification-url": "https://packagist.org/downloads/",
            "license": [
                "MIT"
            ],
            "authors": [
                {
                    "name": "Nuno Maduro",
                    "email": "enunomaduro@gmail.com"
                }
            ],
            "description": "An opinionated code formatter for PHP.",
            "homepage": "https://laravel.com",
            "keywords": [
                "format",
                "formatter",
                "lint",
                "linter",
                "php"
            ],
            "support": {
                "issues": "https://github.com/laravel/pint/issues",
                "source": "https://github.com/laravel/pint"
            },
            "time": "2025-01-14T16:20:53+00:00"
        }
    ],
    "aliases": [],
    "minimum-stability": "dev",
    "stability-flags": {},
    "prefer-stable": true,
    "prefer-lowest": false,
    "platform": {
        "php": ">=8.1"
    },
    "platform-dev": {},
    "plugin-api-version": "2.6.0"
}
